
Microsoft Visual Studio Solution File, Format Version 12.00
# Visual Studio Version 17
VisualStudioVersion = 17.4.33213.308
MinimumVisualStudioVersion = 10.0.40219.1
Project("{FAE04EC0-301F-11D3-BF4B-00C04F79EFBC}") = "RarExtractor", "RarExtractor\RarExtractor.csproj", "{4A2CD838-625E-423E-8BC1-47659760E7A4}"
EndProject
Global
	GlobalSection(SolutionConfigurationPlatforms) = preSolution
		Debug|Any CPU = Debug|Any CPU
		Release|Any CPU = Release|Any CPU
	EndGlobalSection
	GlobalSection(ProjectConfigurationPlatforms) = postSolution
		{4A2CD838-625E-423E-8BC1-47659760E7A4}.Debug|Any CPU.ActiveCfg = Debug|Any CPU
		{4A2CD838-625E-423E-8BC1-47659760E7A4}.Debug|Any CPU.Build.0 = Debug|Any CPU
		{4A2CD838-625E-423E-8BC1-47659760E7A4}.Release|Any CPU.ActiveCfg = Release|Any CPU
		{4A2CD838-625E-423E-8BC1-47659760E7A4}.Release|Any CPU.Build.0 = Release|Any CPU
	EndGlobalSection
	GlobalSection(SolutionProperties) = preSolution
		HideSolutionNode = FALSE
	EndGlobalSection
	GlobalSection(ExtensibilityGlobals) = postSolution
		SolutionGuid = {B7F0C87F-3C7A-4A59-81F7-0263B7F9EEBD}
	EndGlobalSection
EndGlobal
